{
  "object": {
    "pins": [
      {
        "package": "swiftui-introspect",
        "repositoryURL": "https://github.com/siteline/SwiftUI-Introspect",
        "state": {
          "branch": null,
          "revision": "ccb973cfff703cba53fb88197413485c060eb26b",
          "version": "0.10.0"
        }
      }
    ]
  },
  "version": 1
}
